# @generated by Move, please check-in and do not edit manually.

[move]
version = 3
manifest_digest = "8211E6F238D925B6756DB1761736B63C1278A6DFA85268E2AD5DEE11C129518D"
deps_digest = "F8BBB0CCB2491CA29A3DF03D6F92277A4F3574266507ACD77214D37ECA3F3082"
dependencies = [
  { id = "Sui", name = "Sui" },
]

[[move.package]]
id = "MoveStdlib"
source = { git = "https://github.com/MystenLabs/sui.git", rev = "framework/testnet", subdir = "crates\\sui-framework\\packages\\move-stdlib" }

[[move.package]]
id = "Sui"
source = { git = "https://github.com/MystenLabs/sui.git", rev = "framework/testnet", subdir = "crates/sui-framework/packages/sui-framework" }

dependencies = [
  { id = "MoveStdlib", name = "MoveStdlib" },
]

[move.toolchain-version]
compiler-version = "1.59.1"
edition = "2024.beta"
flavor = "sui"

[env]

[env.onechain-testnet]
chain-id = "1bd5c965"
original-published-id = "0xd76413d54375a484fc09392862d79c9f7504d715eddbf33989c8536bb0fb746a"
latest-published-id = "0xd76413d54375a484fc09392862d79c9f7504d715eddbf33989c8536bb0fb746a"
published-version = "1"
