# @generated by Move, please check-in and do not edit manually.

[move]
version = 3
manifest_digest = "792B8C3E68093695E652AD566820226A366749906FE1CBEF9BB6607A6DFAF38E"
deps_digest = "F8BBB0CCB2491CA29A3DF03D6F92277A4F3574266507ACD77214D37ECA3F3082"
dependencies = [
  { id = "Sui", name = "Sui" },
]

[[move.package]]
id = "MoveStdlib"
source = { git = "https://github.com/MystenLabs/sui.git", rev = "framework/testnet", subdir = "crates\\sui-framework\\packages\\move-stdlib" }

[[move.package]]
id = "Sui"
source = { git = "https://github.com/MystenLabs/sui.git", rev = "framework/testnet", subdir = "crates/sui-framework/packages/sui-framework" }

dependencies = [
  { id = "MoveStdlib", name = "MoveStdlib" },
]

[move.toolchain-version]
compiler-version = "1.59.1"
edition = "2024.beta"
flavor = "sui"

[env]

[env.onechain-testnet]
chain-id = "1bd5c965"
original-published-id = "0xa79ef1da9c93429f23ce943c9d53466ede3428d4c7749bd5bc922dc4909a9282"
latest-published-id = "0xa79ef1da9c93429f23ce943c9d53466ede3428d4c7749bd5bc922dc4909a9282"
published-version = "1"
